
Microsoft Visual Studio Solution File, Format Version 12.00
# Visual Studio Version 17
VisualStudioVersion = 17.0.31825.309
MinimumVisualStudioVersion = 10.0.40219.1
Project("{9A19103F-16F7-4668-BE54-9A1E7A4F7556}") = "FocLauncher", "src\FocLauncher\FocLauncher.csproj", "{2A6DEA18-A716-4647-BF7A-8D4712246FCE}"
EndProject
Project("{2150E333-8FDC-42A3-9474-1A3956D46DE8}") = "ModdingTooBase", "ModdingTooBase", "{D4E39005-241E-46C5-8454-C0A236124C7D}"
EndProject
Project("{9A19103F-16F7-4668-BE54-9A1E7A4F7556}") = "ApplicationManifestCreator", "src\ModdingToolBase\src\AnakinApps\ApplicationManifestCreator\ApplicationManifestCreator.csproj", "{E38A4272-ECBA-4F48-ADD6-B6864F7F3151}"
EndProject
Project("{9A19103F-16F7-4668-BE54-9A1E7A4F7556}") = "ApplicationBase.WPF", "src\ModdingToolBase\src\AnakinApps\ApplicationBase.WPF\ApplicationBase.WPF.csproj", "{6537524A-EAE8-4E38-9A07-92DB200E2DE8}"
EndProject
Project("{9A19103F-16F7-4668-BE54-9A1E7A4F7556}") = "ApplicationBase", "src\ModdingToolBase\src\AnakinApps\ApplicationBase\ApplicationBase.csproj", "{611FB8E7-2D4F-40F1-BBEF-FE592862A268}"
EndProject
Project("{9A19103F-16F7-4668-BE54-9A1E7A4F7556}") = "CommonUtilities.Windows", "src\ModdingToolBase\src\CommonUtilities\CommonUtilities.Windows\CommonUtilities.Windows.csproj", "{FD561232-CFBE-49C8-BA80-3DAD1E94AF58}"
EndProject
Project("{9A19103F-16F7-4668-BE54-9A1E7A4F7556}") = "CommonUtilities.WPF.ApplicationFramework", "src\ModdingToolBase\src\CommonUtilities\CommonUtilities.WPF.ApplicationFramework\CommonUtilities.WPF.ApplicationFramework.csproj", "{55D21078-D54D-414C-B37B-7F9BE61A228F}"
EndProject
Project("{9A19103F-16F7-4668-BE54-9A1E7A4F7556}") = "CommonUtilities.WPF.Controls", "src\ModdingToolBase\src\CommonUtilities\CommonUtilities.WPF.Controls\CommonUtilities.WPF.Controls.csproj", "{6ACB5F50-2B1F-4E5D-867B-05414162AD10}"
EndProject
Project("{9A19103F-16F7-4668-BE54-9A1E7A4F7556}") = "CommonUtilities.WPF.Core", "src\ModdingToolBase\src\CommonUtilities\CommonUtilities.WPF.Core\CommonUtilities.WPF.Core.csproj", "{3FBF1F1A-0CE4-4C75-B6F4-70EC44EC56AA}"
EndProject
Project("{9A19103F-16F7-4668-BE54-9A1E7A4F7556}") = "CommonUtilities.WPF.Imaging", "src\ModdingToolBase\src\CommonUtilities\CommonUtilities.WPF.Imaging\CommonUtilities.WPF.Imaging.csproj", "{2F81EF4F-F7FA-488F-9C67-9F7A20099D50}"
EndProject
Project("{9A19103F-16F7-4668-BE54-9A1E7A4F7556}") = "AppUpdaterFramework", "src\ModdingToolBase\src\Updater\AppUpdaterFramework\AppUpdaterFramework.csproj", "{BE802EC3-C116-4E7C-A450-7C9A561992BA}"
EndProject
Project("{9A19103F-16F7-4668-BE54-9A1E7A4F7556}") = "AppUpdaterFramework.Manifest", "src\ModdingToolBase\src\Updater\AppUpdaterFramework.Manifest\AppUpdaterFramework.Manifest.csproj", "{BC4425F5-1295-4DC6-8A03-7C6EEF72F9EA}"
EndProject
Project("{9A19103F-16F7-4668-BE54-9A1E7A4F7556}") = "AppUpdaterFramework.WPF", "src\ModdingToolBase\src\Updater\AppUpdaterFramework.WPF\AppUpdaterFramework.WPF.csproj", "{A8563482-AF37-4BDE-BD7B-98E4363EBF29}"
EndProject
Project("{9A19103F-16F7-4668-BE54-9A1E7A4F7556}") = "ExternalUpdater", "src\ModdingToolBase\src\Updater\ExternalUpdater\ExternalUpdater.csproj", "{910C7E58-E896-40CF-9A86-8FEB90929197}"
EndProject
Project("{9A19103F-16F7-4668-BE54-9A1E7A4F7556}") = "ExternalUpdater.CLI", "src\ModdingToolBase\src\Updater\ExternalUpdater.CLI\ExternalUpdater.CLI.csproj", "{35A77F14-FFFB-4991-A7AE-AB0B42A8AD57}"
EndProject
Project("{2150E333-8FDC-42A3-9474-1A3956D46DE8}") = "AnakinApps", "AnakinApps", "{86592CB2-E94D-4786-8DEA-5531B4E2F73B}"
EndProject
Project("{2150E333-8FDC-42A3-9474-1A3956D46DE8}") = "Updater", "Updater", "{0F7BB68B-6121-426E-BC0A-6BD2D6350383}"
EndProject
Project("{2150E333-8FDC-42A3-9474-1A3956D46DE8}") = "CommonUtilities", "CommonUtilities", "{F933B093-1144-481C-AE3C-EF09DB9F2D45}"
EndProject
Project("{D954291E-2A0B-460D-934E-DC6B0785DB48}") = "ApplicationConstants", "src\ModdingToolBase\src\AnakinApps\ApplicationConstants\ApplicationConstants.shproj", "{B297A13A-8E3A-436C-BA97-8B5F57827FFE}"
EndProject
Project("{9A19103F-16F7-4668-BE54-9A1E7A4F7556}") = "AppUpdaterFramework.Core", "src\ModdingToolBase\src\Updater\AppUpdaterFramework.Core\AppUpdaterFramework.Core.csproj", "{EB54513E-132E-46B5-94E6-CA441CE8A99B}"
EndProject
Project("{9A19103F-16F7-4668-BE54-9A1E7A4F7556}") = "ApplicationBase.CLI", "src\ModdingToolBase\src\AnakinApps\ApplicationBase.CLI\ApplicationBase.CLI.csproj", "{79CFB69B-B9B9-4412-B5F0-F0E9082213DE}"
EndProject
Global
	GlobalSection(SolutionConfigurationPlatforms) = preSolution
		Debug|Any CPU = Debug|Any CPU
		Release|Any CPU = Release|Any CPU
	EndGlobalSection
	GlobalSection(ProjectConfigurationPlatforms) = postSolution
		{2A6DEA18-A716-4647-BF7A-8D4712246FCE}.Debug|Any CPU.ActiveCfg = Debug|Any CPU
		{2A6DEA18-A716-4647-BF7A-8D4712246FCE}.Debug|Any CPU.Build.0 = Debug|Any CPU
		{2A6DEA18-A716-4647-BF7A-8D4712246FCE}.Release|Any CPU.ActiveCfg = Release|Any CPU
		{2A6DEA18-A716-4647-BF7A-8D4712246FCE}.Release|Any CPU.Build.0 = Release|Any CPU
		{E38A4272-ECBA-4F48-ADD6-B6864F7F3151}.Debug|Any CPU.ActiveCfg = Debug|Any CPU
		{E38A4272-ECBA-4F48-ADD6-B6864F7F3151}.Debug|Any CPU.Build.0 = Debug|Any CPU
		{E38A4272-ECBA-4F48-ADD6-B6864F7F3151}.Release|Any CPU.ActiveCfg = Release|Any CPU
		{E38A4272-ECBA-4F48-ADD6-B6864F7F3151}.Release|Any CPU.Build.0 = Release|Any CPU
		{6537524A-EAE8-4E38-9A07-92DB200E2DE8}.Debug|Any CPU.ActiveCfg = Debug|Any CPU
		{6537524A-EAE8-4E38-9A07-92DB200E2DE8}.Debug|Any CPU.Build.0 = Debug|Any CPU
		{6537524A-EAE8-4E38-9A07-92DB200E2DE8}.Release|Any CPU.ActiveCfg = Release|Any CPU
		{6537524A-EAE8-4E38-9A07-92DB200E2DE8}.Release|Any CPU.Build.0 = Release|Any CPU
		{611FB8E7-2D4F-40F1-BBEF-FE592862A268}.Debug|Any CPU.ActiveCfg = Debug|Any CPU
		{611FB8E7-2D4F-40F1-BBEF-FE592862A268}.Debug|Any CPU.Build.0 = Debug|Any CPU
		{611FB8E7-2D4F-40F1-BBEF-FE592862A268}.Release|Any CPU.ActiveCfg = Release|Any CPU
		{611FB8E7-2D4F-40F1-BBEF-FE592862A268}.Release|Any CPU.Build.0 = Release|Any CPU
		{FD561232-CFBE-49C8-BA80-3DAD1E94AF58}.Debug|Any CPU.ActiveCfg = Debug|Any CPU
		{FD561232-CFBE-49C8-BA80-3DAD1E94AF58}.Debug|Any CPU.Build.0 = Debug|Any CPU
		{FD561232-CFBE-49C8-BA80-3DAD1E94AF58}.Release|Any CPU.ActiveCfg = Release|Any CPU
		{FD561232-CFBE-49C8-BA80-3DAD1E94AF58}.Release|Any CPU.Build.0 = Release|Any CPU
		{55D21078-D54D-414C-B37B-7F9BE61A228F}.Debug|Any CPU.ActiveCfg = Debug|Any CPU
		{55D21078-D54D-414C-B37B-7F9BE61A228F}.Debug|Any CPU.Build.0 = Debug|Any CPU
		{55D21078-D54D-414C-B37B-7F9BE61A228F}.Release|Any CPU.ActiveCfg = Release|Any CPU
		{55D21078-D54D-414C-B37B-7F9BE61A228F}.Release|Any CPU.Build.0 = Release|Any CPU
		{6ACB5F50-2B1F-4E5D-867B-05414162AD10}.Debug|Any CPU.ActiveCfg = Debug|Any CPU
		{6ACB5F50-2B1F-4E5D-867B-05414162AD10}.Debug|Any CPU.Build.0 = Debug|Any CPU
		{6ACB5F50-2B1F-4E5D-867B-05414162AD10}.Release|Any CPU.ActiveCfg = Release|Any CPU
		{6ACB5F50-2B1F-4E5D-867B-05414162AD10}.Release|Any CPU.Build.0 = Release|Any CPU
		{3FBF1F1A-0CE4-4C75-B6F4-70EC44EC56AA}.Debug|Any CPU.ActiveCfg = Debug|Any CPU
		{3FBF1F1A-0CE4-4C75-B6F4-70EC44EC56AA}.Debug|Any CPU.Build.0 = Debug|Any CPU
		{3FBF1F1A-0CE4-4C75-B6F4-70EC44EC56AA}.Release|Any CPU.ActiveCfg = Release|Any CPU
		{3FBF1F1A-0CE4-4C75-B6F4-70EC44EC56AA}.Release|Any CPU.Build.0 = Release|Any CPU
		{2F81EF4F-F7FA-488F-9C67-9F7A20099D50}.Debug|Any CPU.ActiveCfg = Debug|Any CPU
		{2F81EF4F-F7FA-488F-9C67-9F7A20099D50}.Debug|Any CPU.Build.0 = Debug|Any CPU
		{2F81EF4F-F7FA-488F-9C67-9F7A20099D50}.Release|Any CPU.ActiveCfg = Release|Any CPU
		{2F81EF4F-F7FA-488F-9C67-9F7A20099D50}.Release|Any CPU.Build.0 = Release|Any CPU
		{BE802EC3-C116-4E7C-A450-7C9A561992BA}.Debug|Any CPU.ActiveCfg = Debug|Any CPU
		{BE802EC3-C116-4E7C-A450-7C9A561992BA}.Debug|Any CPU.Build.0 = Debug|Any CPU
		{BE802EC3-C116-4E7C-A450-7C9A561992BA}.Release|Any CPU.ActiveCfg = Release|Any CPU
		{BE802EC3-C116-4E7C-A450-7C9A561992BA}.Release|Any CPU.Build.0 = Release|Any CPU
		{BC4425F5-1295-4DC6-8A03-7C6EEF72F9EA}.Debug|Any CPU.ActiveCfg = Debug|Any CPU
		{BC4425F5-1295-4DC6-8A03-7C6EEF72F9EA}.Debug|Any CPU.Build.0 = Debug|Any CPU
		{BC4425F5-1295-4DC6-8A03-7C6EEF72F9EA}.Release|Any CPU.ActiveCfg = Release|Any CPU
		{BC4425F5-1295-4DC6-8A03-7C6EEF72F9EA}.Release|Any CPU.Build.0 = Release|Any CPU
		{A8563482-AF37-4BDE-BD7B-98E4363EBF29}.Debug|Any CPU.ActiveCfg = Debug|Any CPU
		{A8563482-AF37-4BDE-BD7B-98E4363EBF29}.Debug|Any CPU.Build.0 = Debug|Any CPU
		{A8563482-AF37-4BDE-BD7B-98E4363EBF29}.Release|Any CPU.ActiveCfg = Release|Any CPU
		{A8563482-AF37-4BDE-BD7B-98E4363EBF29}.Release|Any CPU.Build.0 = Release|Any CPU
		{910C7E58-E896-40CF-9A86-8FEB90929197}.Debug|Any CPU.ActiveCfg = Debug|Any CPU
		{910C7E58-E896-40CF-9A86-8FEB90929197}.Debug|Any CPU.Build.0 = Debug|Any CPU
		{910C7E58-E896-40CF-9A86-8FEB90929197}.Release|Any CPU.ActiveCfg = Release|Any CPU
		{910C7E58-E896-40CF-9A86-8FEB90929197}.Release|Any CPU.Build.0 = Release|Any CPU
		{35A77F14-FFFB-4991-A7AE-AB0B42A8AD57}.Debug|Any CPU.ActiveCfg = Debug|Any CPU
		{35A77F14-FFFB-4991-A7AE-AB0B42A8AD57}.Debug|Any CPU.Build.0 = Debug|Any CPU
		{35A77F14-FFFB-4991-A7AE-AB0B42A8AD57}.Release|Any CPU.ActiveCfg = Release|Any CPU
		{35A77F14-FFFB-4991-A7AE-AB0B42A8AD57}.Release|Any CPU.Build.0 = Release|Any CPU
		{EB54513E-132E-46B5-94E6-CA441CE8A99B}.Debug|Any CPU.ActiveCfg = Debug|Any CPU
		{EB54513E-132E-46B5-94E6-CA441CE8A99B}.Debug|Any CPU.Build.0 = Debug|Any CPU
		{EB54513E-132E-46B5-94E6-CA441CE8A99B}.Release|Any CPU.ActiveCfg = Release|Any CPU
		{EB54513E-132E-46B5-94E6-CA441CE8A99B}.Release|Any CPU.Build.0 = Release|Any CPU
		{79CFB69B-B9B9-4412-B5F0-F0E9082213DE}.Debug|Any CPU.ActiveCfg = Debug|Any CPU
		{79CFB69B-B9B9-4412-B5F0-F0E9082213DE}.Debug|Any CPU.Build.0 = Debug|Any CPU
		{79CFB69B-B9B9-4412-B5F0-F0E9082213DE}.Release|Any CPU.ActiveCfg = Release|Any CPU
		{79CFB69B-B9B9-4412-B5F0-F0E9082213DE}.Release|Any CPU.Build.0 = Release|Any CPU
	EndGlobalSection
	GlobalSection(SolutionProperties) = preSolution
		HideSolutionNode = FALSE
	EndGlobalSection
	GlobalSection(NestedProjects) = preSolution
		{E38A4272-ECBA-4F48-ADD6-B6864F7F3151} = {86592CB2-E94D-4786-8DEA-5531B4E2F73B}
		{6537524A-EAE8-4E38-9A07-92DB200E2DE8} = {86592CB2-E94D-4786-8DEA-5531B4E2F73B}
		{611FB8E7-2D4F-40F1-BBEF-FE592862A268} = {86592CB2-E94D-4786-8DEA-5531B4E2F73B}
		{FD561232-CFBE-49C8-BA80-3DAD1E94AF58} = {F933B093-1144-481C-AE3C-EF09DB9F2D45}
		{55D21078-D54D-414C-B37B-7F9BE61A228F} = {F933B093-1144-481C-AE3C-EF09DB9F2D45}
		{6ACB5F50-2B1F-4E5D-867B-05414162AD10} = {F933B093-1144-481C-AE3C-EF09DB9F2D45}
		{3FBF1F1A-0CE4-4C75-B6F4-70EC44EC56AA} = {F933B093-1144-481C-AE3C-EF09DB9F2D45}
		{2F81EF4F-F7FA-488F-9C67-9F7A20099D50} = {F933B093-1144-481C-AE3C-EF09DB9F2D45}
		{BE802EC3-C116-4E7C-A450-7C9A561992BA} = {0F7BB68B-6121-426E-BC0A-6BD2D6350383}
		{BC4425F5-1295-4DC6-8A03-7C6EEF72F9EA} = {0F7BB68B-6121-426E-BC0A-6BD2D6350383}
		{A8563482-AF37-4BDE-BD7B-98E4363EBF29} = {0F7BB68B-6121-426E-BC0A-6BD2D6350383}
		{910C7E58-E896-40CF-9A86-8FEB90929197} = {0F7BB68B-6121-426E-BC0A-6BD2D6350383}
		{35A77F14-FFFB-4991-A7AE-AB0B42A8AD57} = {0F7BB68B-6121-426E-BC0A-6BD2D6350383}
		{86592CB2-E94D-4786-8DEA-5531B4E2F73B} = {D4E39005-241E-46C5-8454-C0A236124C7D}
		{0F7BB68B-6121-426E-BC0A-6BD2D6350383} = {D4E39005-241E-46C5-8454-C0A236124C7D}
		{F933B093-1144-481C-AE3C-EF09DB9F2D45} = {D4E39005-241E-46C5-8454-C0A236124C7D}
		{B297A13A-8E3A-436C-BA97-8B5F57827FFE} = {86592CB2-E94D-4786-8DEA-5531B4E2F73B}
		{EB54513E-132E-46B5-94E6-CA441CE8A99B} = {0F7BB68B-6121-426E-BC0A-6BD2D6350383}
		{79CFB69B-B9B9-4412-B5F0-F0E9082213DE} = {86592CB2-E94D-4786-8DEA-5531B4E2F73B}
	EndGlobalSection
	GlobalSection(ExtensibilityGlobals) = postSolution
		SolutionGuid = {94E96BB4-E6D8-4E1F-B4A4-4F4B667DC600}
	EndGlobalSection
	GlobalSection(SharedMSBuildProjectFiles) = preSolution
		src\ModdingToolBase\src\AnakinApps\ApplicationConstants\ApplicationConstants.projitems*{611fb8e7-2d4f-40f1-bbef-fe592862a268}*SharedItemsImports = 5
		src\ModdingToolBase\src\AnakinApps\ApplicationConstants\ApplicationConstants.projitems*{b297a13a-8e3a-436c-ba97-8b5f57827ffe}*SharedItemsImports = 13
		src\ModdingToolBase\src\AnakinApps\ApplicationConstants\ApplicationConstants.projitems*{e38a4272-ecba-4f48-add6-b6864f7f3151}*SharedItemsImports = 5
	EndGlobalSection
EndGlobal
