
Microsoft Visual Studio Solution File, Format Version 12.00
# Visual Studio Version 16
VisualStudioVersion = 16.0.28803.202
MinimumVisualStudioVersion = 10.0.40219.1
Project("{FAE04EC0-301F-11D3-BF4B-00C04F79EFBC}") = "FocLauncher", "src\FocLauncher\FocLauncher.csproj", "{511EA4F6-7C7A-4242-9986-16F28F126D11}"
EndProject
Project("{2150E333-8FDC-42A3-9474-1A3956D46DE8}") = "src", "src", "{8F2264D6-12F2-47DA-8C17-25D430DA43B2}"
EndProject
Project("{FAE04EC0-301F-11D3-BF4B-00C04F79EFBC}") = "RawTheme", "src\FocLauncher.Theme\RawTheme.csproj", "{E02C6065-C7A8-43F4-A757-CFAC1A3371F9}"
EndProject
Project("{FAE04EC0-301F-11D3-BF4B-00C04F79EFBC}") = "FocLauncher.Theming", "src\FocLauncher.Theming\FocLauncher.Theming.csproj", "{B952DCAA-749D-476C-BBC3-2074ADFB1CC4}"
EndProject
Project("{FAE04EC0-301F-11D3-BF4B-00C04F79EFBC}") = "SampleTheme", "src\SampleTheme\SampleTheme.csproj", "{A2693EF1-ABAE-4713-91BC-7D2BEA3D50DF}"
EndProject
Project("{FAE04EC0-301F-11D3-BF4B-00C04F79EFBC}") = "FocLauncherHost", "src\FocLauncherHost\FocLauncherHost.csproj", "{91330941-11BE-41AA-BD4C-8D3A70399395}"
EndProject
Project("{FAE04EC0-301F-11D3-BF4B-00C04F79EFBC}") = "FocLauncher.Threading", "src\FocLauncher.Threading\FocLauncher.Threading.csproj", "{162A7F9A-D855-44CF-B204-B10469F695BC}"
EndProject
Project("{FAE04EC0-301F-11D3-BF4B-00C04F79EFBC}") = "FocLauncher.Core", "src\FocLauncher.Core\FocLauncher.Core.csproj", "{93CDC38A-D74A-4CD5-A5AA-9CE8D953519A}"
EndProject
Project("{FAE04EC0-301F-11D3-BF4B-00C04F79EFBC}") = "FocLauncher.AppUpdater", "src\FocLauncher.AppUpdater\FocLauncher.AppUpdater.csproj", "{9EBD4D73-3C76-4D60-B156-04FE46D7B9DE}"
EndProject
Project("{2150E333-8FDC-42A3-9474-1A3956D46DE8}") = "test", "test", "{2EE08842-A66D-4D75-8964-4405CF88CF18}"
EndProject
Project("{FAE04EC0-301F-11D3-BF4B-00C04F79EFBC}") = "FocLauncher.Updater.Tests", "test\FocLauncher.Updater.Tests\FocLauncher.Updater.Tests.csproj", "{995758B4-B0A3-4D32-B420-E1D6754D8A63}"
EndProject
Project("{FAE04EC0-301F-11D3-BF4B-00C04F79EFBC}") = "TaskBasedUpdater", "src\TaskBasedUpdater\TaskBasedUpdater.csproj", "{0855D868-8864-47A4-AAD2-D89056AD536F}"
EndProject
Project("{2150E333-8FDC-42A3-9474-1A3956D46DE8}") = "Updater", "Updater", "{65A0B4B2-985A-4B05-8A2E-266B5A4F33E8}"
EndProject
Project("{FAE04EC0-301F-11D3-BF4B-00C04F79EFBC}") = "TaskBasedUpdater.Elevator", "src\TaskBasedUpdater.Elevator\TaskBasedUpdater.Elevator.csproj", "{B10160B6-ED51-48B7-A45D-637157D656AB}"
EndProject
Project("{2150E333-8FDC-42A3-9474-1A3956D46DE8}") = "FocLauncher.Shared", "FocLauncher.Shared", "{E7727DCB-6639-49BF-A4EF-D8A0C5C75F14}"
	ProjectSection(SolutionItems) = preProject
		src\FocLauncher.Shared\ExternalUpdaterResult.cs = src\FocLauncher.Shared\ExternalUpdaterResult.cs
		src\FocLauncher.Shared\LauncherRestartOptions.cs = src\FocLauncher.Shared\LauncherRestartOptions.cs
		src\FocLauncher.Shared\LauncherUpdateItem.cs = src\FocLauncher.Shared\LauncherUpdateItem.cs
	EndProjectSection
EndProject
Project("{2150E333-8FDC-42A3-9474-1A3956D46DE8}") = "tools", "tools", "{D216FEEB-E4E4-46FF-95F6-588992E550CD}"
EndProject
Project("{FAE04EC0-301F-11D3-BF4B-00C04F79EFBC}") = "MetadataCreator", "tools\MetadataCreator\MetadataCreator.csproj", "{882B627B-6182-4AAB-8FB3-FF2C0882617F}"
EndProject
Global
	GlobalSection(SolutionConfigurationPlatforms) = preSolution
		Debug|Any CPU = Debug|Any CPU
		Release|Any CPU = Release|Any CPU
	EndGlobalSection
	GlobalSection(ProjectConfigurationPlatforms) = postSolution
		{511EA4F6-7C7A-4242-9986-16F28F126D11}.Debug|Any CPU.ActiveCfg = Debug|Any CPU
		{511EA4F6-7C7A-4242-9986-16F28F126D11}.Debug|Any CPU.Build.0 = Debug|Any CPU
		{511EA4F6-7C7A-4242-9986-16F28F126D11}.Release|Any CPU.ActiveCfg = Release|Any CPU
		{511EA4F6-7C7A-4242-9986-16F28F126D11}.Release|Any CPU.Build.0 = Release|Any CPU
		{E02C6065-C7A8-43F4-A757-CFAC1A3371F9}.Debug|Any CPU.ActiveCfg = Debug|Any CPU
		{E02C6065-C7A8-43F4-A757-CFAC1A3371F9}.Debug|Any CPU.Build.0 = Debug|Any CPU
		{E02C6065-C7A8-43F4-A757-CFAC1A3371F9}.Release|Any CPU.ActiveCfg = Release|Any CPU
		{E02C6065-C7A8-43F4-A757-CFAC1A3371F9}.Release|Any CPU.Build.0 = Release|Any CPU
		{B952DCAA-749D-476C-BBC3-2074ADFB1CC4}.Debug|Any CPU.ActiveCfg = Debug|Any CPU
		{B952DCAA-749D-476C-BBC3-2074ADFB1CC4}.Debug|Any CPU.Build.0 = Debug|Any CPU
		{B952DCAA-749D-476C-BBC3-2074ADFB1CC4}.Release|Any CPU.ActiveCfg = Release|Any CPU
		{B952DCAA-749D-476C-BBC3-2074ADFB1CC4}.Release|Any CPU.Build.0 = Release|Any CPU
		{A2693EF1-ABAE-4713-91BC-7D2BEA3D50DF}.Debug|Any CPU.ActiveCfg = Debug|Any CPU
		{A2693EF1-ABAE-4713-91BC-7D2BEA3D50DF}.Debug|Any CPU.Build.0 = Debug|Any CPU
		{A2693EF1-ABAE-4713-91BC-7D2BEA3D50DF}.Release|Any CPU.ActiveCfg = Release|Any CPU
		{A2693EF1-ABAE-4713-91BC-7D2BEA3D50DF}.Release|Any CPU.Build.0 = Release|Any CPU
		{91330941-11BE-41AA-BD4C-8D3A70399395}.Debug|Any CPU.ActiveCfg = Debug|Any CPU
		{91330941-11BE-41AA-BD4C-8D3A70399395}.Debug|Any CPU.Build.0 = Debug|Any CPU
		{91330941-11BE-41AA-BD4C-8D3A70399395}.Release|Any CPU.ActiveCfg = Release|Any CPU
		{91330941-11BE-41AA-BD4C-8D3A70399395}.Release|Any CPU.Build.0 = Release|Any CPU
		{162A7F9A-D855-44CF-B204-B10469F695BC}.Debug|Any CPU.ActiveCfg = Debug|Any CPU
		{162A7F9A-D855-44CF-B204-B10469F695BC}.Debug|Any CPU.Build.0 = Debug|Any CPU
		{162A7F9A-D855-44CF-B204-B10469F695BC}.Release|Any CPU.ActiveCfg = Release|Any CPU
		{162A7F9A-D855-44CF-B204-B10469F695BC}.Release|Any CPU.Build.0 = Release|Any CPU
		{93CDC38A-D74A-4CD5-A5AA-9CE8D953519A}.Debug|Any CPU.ActiveCfg = Debug|Any CPU
		{93CDC38A-D74A-4CD5-A5AA-9CE8D953519A}.Debug|Any CPU.Build.0 = Debug|Any CPU
		{93CDC38A-D74A-4CD5-A5AA-9CE8D953519A}.Release|Any CPU.ActiveCfg = Release|Any CPU
		{93CDC38A-D74A-4CD5-A5AA-9CE8D953519A}.Release|Any CPU.Build.0 = Release|Any CPU
		{9EBD4D73-3C76-4D60-B156-04FE46D7B9DE}.Debug|Any CPU.ActiveCfg = Debug|Any CPU
		{9EBD4D73-3C76-4D60-B156-04FE46D7B9DE}.Debug|Any CPU.Build.0 = Debug|Any CPU
		{9EBD4D73-3C76-4D60-B156-04FE46D7B9DE}.Release|Any CPU.ActiveCfg = Release|Any CPU
		{9EBD4D73-3C76-4D60-B156-04FE46D7B9DE}.Release|Any CPU.Build.0 = Release|Any CPU
		{995758B4-B0A3-4D32-B420-E1D6754D8A63}.Debug|Any CPU.ActiveCfg = Debug|Any CPU
		{995758B4-B0A3-4D32-B420-E1D6754D8A63}.Debug|Any CPU.Build.0 = Debug|Any CPU
		{995758B4-B0A3-4D32-B420-E1D6754D8A63}.Release|Any CPU.ActiveCfg = Release|Any CPU
		{995758B4-B0A3-4D32-B420-E1D6754D8A63}.Release|Any CPU.Build.0 = Release|Any CPU
		{0855D868-8864-47A4-AAD2-D89056AD536F}.Debug|Any CPU.ActiveCfg = Debug|Any CPU
		{0855D868-8864-47A4-AAD2-D89056AD536F}.Debug|Any CPU.Build.0 = Debug|Any CPU
		{0855D868-8864-47A4-AAD2-D89056AD536F}.Release|Any CPU.ActiveCfg = Release|Any CPU
		{0855D868-8864-47A4-AAD2-D89056AD536F}.Release|Any CPU.Build.0 = Release|Any CPU
		{B10160B6-ED51-48B7-A45D-637157D656AB}.Debug|Any CPU.ActiveCfg = Debug|Any CPU
		{B10160B6-ED51-48B7-A45D-637157D656AB}.Debug|Any CPU.Build.0 = Debug|Any CPU
		{B10160B6-ED51-48B7-A45D-637157D656AB}.Release|Any CPU.ActiveCfg = Release|Any CPU
		{B10160B6-ED51-48B7-A45D-637157D656AB}.Release|Any CPU.Build.0 = Release|Any CPU
		{882B627B-6182-4AAB-8FB3-FF2C0882617F}.Debug|Any CPU.ActiveCfg = Debug|Any CPU
		{882B627B-6182-4AAB-8FB3-FF2C0882617F}.Debug|Any CPU.Build.0 = Debug|Any CPU
		{882B627B-6182-4AAB-8FB3-FF2C0882617F}.Release|Any CPU.ActiveCfg = Release|Any CPU
		{882B627B-6182-4AAB-8FB3-FF2C0882617F}.Release|Any CPU.Build.0 = Release|Any CPU
	EndGlobalSection
	GlobalSection(SolutionProperties) = preSolution
		HideSolutionNode = FALSE
	EndGlobalSection
	GlobalSection(NestedProjects) = preSolution
		{511EA4F6-7C7A-4242-9986-16F28F126D11} = {8F2264D6-12F2-47DA-8C17-25D430DA43B2}
		{E02C6065-C7A8-43F4-A757-CFAC1A3371F9} = {8F2264D6-12F2-47DA-8C17-25D430DA43B2}
		{B952DCAA-749D-476C-BBC3-2074ADFB1CC4} = {8F2264D6-12F2-47DA-8C17-25D430DA43B2}
		{A2693EF1-ABAE-4713-91BC-7D2BEA3D50DF} = {8F2264D6-12F2-47DA-8C17-25D430DA43B2}
		{91330941-11BE-41AA-BD4C-8D3A70399395} = {8F2264D6-12F2-47DA-8C17-25D430DA43B2}
		{162A7F9A-D855-44CF-B204-B10469F695BC} = {8F2264D6-12F2-47DA-8C17-25D430DA43B2}
		{93CDC38A-D74A-4CD5-A5AA-9CE8D953519A} = {8F2264D6-12F2-47DA-8C17-25D430DA43B2}
		{9EBD4D73-3C76-4D60-B156-04FE46D7B9DE} = {8F2264D6-12F2-47DA-8C17-25D430DA43B2}
		{995758B4-B0A3-4D32-B420-E1D6754D8A63} = {2EE08842-A66D-4D75-8964-4405CF88CF18}
		{0855D868-8864-47A4-AAD2-D89056AD536F} = {65A0B4B2-985A-4B05-8A2E-266B5A4F33E8}
		{65A0B4B2-985A-4B05-8A2E-266B5A4F33E8} = {8F2264D6-12F2-47DA-8C17-25D430DA43B2}
		{B10160B6-ED51-48B7-A45D-637157D656AB} = {65A0B4B2-985A-4B05-8A2E-266B5A4F33E8}
		{E7727DCB-6639-49BF-A4EF-D8A0C5C75F14} = {8F2264D6-12F2-47DA-8C17-25D430DA43B2}
		{882B627B-6182-4AAB-8FB3-FF2C0882617F} = {D216FEEB-E4E4-46FF-95F6-588992E550CD}
	EndGlobalSection
	GlobalSection(ExtensibilityGlobals) = postSolution
		SolutionGuid = {031206AD-43AB-4EF2-B59D-2DFCD7ACA476}
	EndGlobalSection
EndGlobal
