
Microsoft Visual Studio Solution File, Format Version 12.00
# Visual Studio Version 17
VisualStudioVersion = 17.0.31825.309
MinimumVisualStudioVersion = 10.0.40219.1
Project("{9A19103F-16F7-4668-BE54-9A1E7A4F7556}") = "FocLauncher.Core", "old\src\FocLauncher.Core\FocLauncher.Core.csproj", "{58915429-C97F-4B77-8830-BF900DA51B51}"
EndProject
Project("{2150E333-8FDC-42A3-9474-1A3956D46DE8}") = "src", "src", "{09E759F4-A483-4606-A529-39E04C7AF843}"
EndProject
Project("{9A19103F-16F7-4668-BE54-9A1E7A4F7556}") = "FocLauncher.BaseControls", "old\src\FocLauncher.BaseControls\FocLauncher.BaseControls.csproj", "{D0FC5279-ED1D-4181-9BD1-D3934965F69F}"
EndProject
Project("{9A19103F-16F7-4668-BE54-9A1E7A4F7556}") = "FocLauncher.AppUpdater", "old\src\FocLauncher.AppUpdater\FocLauncher.AppUpdater.csproj", "{128D692B-AC8E-48B5-A990-ABE0C5CC49EC}"
EndProject
Project("{2150E333-8FDC-42A3-9474-1A3956D46DE8}") = "Updater", "Updater", "{29BDDBB9-12D2-4D59-8221-7F08F966421A}"
EndProject
Project("{9A19103F-16F7-4668-BE54-9A1E7A4F7556}") = "TaskBasedUpdater.Elevator", "old\src\TaskBasedUpdater.Elevator\TaskBasedUpdater.Elevator.csproj", "{7071D057-8669-48C6-9C1A-15B1383ADD44}"
EndProject
Project("{9A19103F-16F7-4668-BE54-9A1E7A4F7556}") = "TaskBasedUpdater", "old\src\TaskBasedUpdater\TaskBasedUpdater.csproj", "{CE2505D2-64CE-48E3-AD51-2ED6D5503CAA}"
EndProject
Project("{9A19103F-16F7-4668-BE54-9A1E7A4F7556}") = "FocLauncher", "old\src\FocLauncher\FocLauncher.csproj", "{91C44AFC-7EE6-4B41-B77B-32A79FC78703}"
EndProject
Project("{9A19103F-16F7-4668-BE54-9A1E7A4F7556}") = "FocLauncherHost", "old\src\FocLauncherHost\FocLauncherHost.csproj", "{9C59451D-7415-4437-B858-00952053E854}"
EndProject
Project("{2150E333-8FDC-42A3-9474-1A3956D46DE8}") = "test", "test", "{AC2110DF-E2DF-415F-AAE7-256D641164B3}"
EndProject
Project("{9A19103F-16F7-4668-BE54-9A1E7A4F7556}") = "FocLauncher.Tests", "old\test\FocLauncher.Tests\FocLauncher.Tests.csproj", "{B4025596-DA6E-4A67-85AE-38287144ECB0}"
EndProject
Project("{9A19103F-16F7-4668-BE54-9A1E7A4F7556}") = "FocLauncher.Updater.Tests", "old\test\FocLauncher.Updater.Tests\FocLauncher.Updater.Tests.csproj", "{995758B4-B0A3-4D32-B420-E1D6754D8A63}"
EndProject
Project("{9A19103F-16F7-4668-BE54-9A1E7A4F7556}") = "MetadataCreator", "old\tools\MetadataCreator\MetadataCreator.csproj", "{882B627B-6182-4AAB-8FB3-FF2C0882617F}"
EndProject
Project("{2150E333-8FDC-42A3-9474-1A3956D46DE8}") = "old", "old", "{AFC514E1-88CB-4D98-A77F-3B01830C3ECA}"
EndProject
Project("{9A19103F-16F7-4668-BE54-9A1E7A4F7556}") = "FocLauncher", "src\FocLauncher\FocLauncher.csproj", "{E30E9E5A-52B2-4052-BC3B-A31510F432E1}"
EndProject
Project("{9A19103F-16F7-4668-BE54-9A1E7A4F7556}") = "CommonUtilities.WPF.ThemedControls", "src\CommonUtilities.WPF.ThemdControls\CommonUtilities.WPF.ThemedControls.csproj", "{18AD1F7F-7F61-4243-8574-091D6E8D46F6}"
EndProject
Project("{9A19103F-16F7-4668-BE54-9A1E7A4F7556}") = "CommonUtilities.WPF.Core", "src\CommonUtilities.WPF.Core\CommonUtilities.WPF.Core.csproj", "{575019B4-A740-4553-933A-0098533AA170}"
EndProject
Project("{9A19103F-16F7-4668-BE54-9A1E7A4F7556}") = "CommonUtilities.WPF.Imaging", "src\CommonUtilities.WPF.Imaging\CommonUtilities.WPF.Imaging.csproj", "{112C9EA3-BA3B-4ED2-A445-80B1159E3AAA}"
EndProject
Global
	GlobalSection(SolutionConfigurationPlatforms) = preSolution
		Debug|Any CPU = Debug|Any CPU
		Release|Any CPU = Release|Any CPU
	EndGlobalSection
	GlobalSection(ProjectConfigurationPlatforms) = postSolution
		{58915429-C97F-4B77-8830-BF900DA51B51}.Debug|Any CPU.ActiveCfg = Debug|Any CPU
		{58915429-C97F-4B77-8830-BF900DA51B51}.Debug|Any CPU.Build.0 = Debug|Any CPU
		{58915429-C97F-4B77-8830-BF900DA51B51}.Release|Any CPU.ActiveCfg = Release|Any CPU
		{58915429-C97F-4B77-8830-BF900DA51B51}.Release|Any CPU.Build.0 = Release|Any CPU
		{D0FC5279-ED1D-4181-9BD1-D3934965F69F}.Debug|Any CPU.ActiveCfg = Debug|Any CPU
		{D0FC5279-ED1D-4181-9BD1-D3934965F69F}.Debug|Any CPU.Build.0 = Debug|Any CPU
		{D0FC5279-ED1D-4181-9BD1-D3934965F69F}.Release|Any CPU.ActiveCfg = Release|Any CPU
		{D0FC5279-ED1D-4181-9BD1-D3934965F69F}.Release|Any CPU.Build.0 = Release|Any CPU
		{128D692B-AC8E-48B5-A990-ABE0C5CC49EC}.Debug|Any CPU.ActiveCfg = Debug|Any CPU
		{128D692B-AC8E-48B5-A990-ABE0C5CC49EC}.Debug|Any CPU.Build.0 = Debug|Any CPU
		{128D692B-AC8E-48B5-A990-ABE0C5CC49EC}.Release|Any CPU.ActiveCfg = Release|Any CPU
		{128D692B-AC8E-48B5-A990-ABE0C5CC49EC}.Release|Any CPU.Build.0 = Release|Any CPU
		{7071D057-8669-48C6-9C1A-15B1383ADD44}.Debug|Any CPU.ActiveCfg = Debug|Any CPU
		{7071D057-8669-48C6-9C1A-15B1383ADD44}.Debug|Any CPU.Build.0 = Debug|Any CPU
		{7071D057-8669-48C6-9C1A-15B1383ADD44}.Release|Any CPU.ActiveCfg = Release|Any CPU
		{7071D057-8669-48C6-9C1A-15B1383ADD44}.Release|Any CPU.Build.0 = Release|Any CPU
		{CE2505D2-64CE-48E3-AD51-2ED6D5503CAA}.Debug|Any CPU.ActiveCfg = Debug|Any CPU
		{CE2505D2-64CE-48E3-AD51-2ED6D5503CAA}.Debug|Any CPU.Build.0 = Debug|Any CPU
		{CE2505D2-64CE-48E3-AD51-2ED6D5503CAA}.Release|Any CPU.ActiveCfg = Release|Any CPU
		{CE2505D2-64CE-48E3-AD51-2ED6D5503CAA}.Release|Any CPU.Build.0 = Release|Any CPU
		{91C44AFC-7EE6-4B41-B77B-32A79FC78703}.Debug|Any CPU.ActiveCfg = Debug|Any CPU
		{91C44AFC-7EE6-4B41-B77B-32A79FC78703}.Debug|Any CPU.Build.0 = Debug|Any CPU
		{91C44AFC-7EE6-4B41-B77B-32A79FC78703}.Release|Any CPU.ActiveCfg = Release|Any CPU
		{91C44AFC-7EE6-4B41-B77B-32A79FC78703}.Release|Any CPU.Build.0 = Release|Any CPU
		{9C59451D-7415-4437-B858-00952053E854}.Debug|Any CPU.ActiveCfg = Debug|Any CPU
		{9C59451D-7415-4437-B858-00952053E854}.Debug|Any CPU.Build.0 = Debug|Any CPU
		{9C59451D-7415-4437-B858-00952053E854}.Release|Any CPU.ActiveCfg = Release|Any CPU
		{9C59451D-7415-4437-B858-00952053E854}.Release|Any CPU.Build.0 = Release|Any CPU
		{B4025596-DA6E-4A67-85AE-38287144ECB0}.Debug|Any CPU.ActiveCfg = Debug|Any CPU
		{B4025596-DA6E-4A67-85AE-38287144ECB0}.Debug|Any CPU.Build.0 = Debug|Any CPU
		{B4025596-DA6E-4A67-85AE-38287144ECB0}.Release|Any CPU.ActiveCfg = Release|Any CPU
		{B4025596-DA6E-4A67-85AE-38287144ECB0}.Release|Any CPU.Build.0 = Release|Any CPU
		{995758B4-B0A3-4D32-B420-E1D6754D8A63}.Debug|Any CPU.ActiveCfg = Debug|Any CPU
		{995758B4-B0A3-4D32-B420-E1D6754D8A63}.Debug|Any CPU.Build.0 = Debug|Any CPU
		{995758B4-B0A3-4D32-B420-E1D6754D8A63}.Release|Any CPU.ActiveCfg = Release|Any CPU
		{995758B4-B0A3-4D32-B420-E1D6754D8A63}.Release|Any CPU.Build.0 = Release|Any CPU
		{882B627B-6182-4AAB-8FB3-FF2C0882617F}.Debug|Any CPU.ActiveCfg = Debug|Any CPU
		{882B627B-6182-4AAB-8FB3-FF2C0882617F}.Debug|Any CPU.Build.0 = Debug|Any CPU
		{882B627B-6182-4AAB-8FB3-FF2C0882617F}.Release|Any CPU.ActiveCfg = Release|Any CPU
		{882B627B-6182-4AAB-8FB3-FF2C0882617F}.Release|Any CPU.Build.0 = Release|Any CPU
		{E30E9E5A-52B2-4052-BC3B-A31510F432E1}.Debug|Any CPU.ActiveCfg = Debug|Any CPU
		{E30E9E5A-52B2-4052-BC3B-A31510F432E1}.Debug|Any CPU.Build.0 = Debug|Any CPU
		{E30E9E5A-52B2-4052-BC3B-A31510F432E1}.Release|Any CPU.ActiveCfg = Release|Any CPU
		{E30E9E5A-52B2-4052-BC3B-A31510F432E1}.Release|Any CPU.Build.0 = Release|Any CPU
		{18AD1F7F-7F61-4243-8574-091D6E8D46F6}.Debug|Any CPU.ActiveCfg = Debug|Any CPU
		{18AD1F7F-7F61-4243-8574-091D6E8D46F6}.Debug|Any CPU.Build.0 = Debug|Any CPU
		{18AD1F7F-7F61-4243-8574-091D6E8D46F6}.Release|Any CPU.ActiveCfg = Release|Any CPU
		{18AD1F7F-7F61-4243-8574-091D6E8D46F6}.Release|Any CPU.Build.0 = Release|Any CPU
		{575019B4-A740-4553-933A-0098533AA170}.Debug|Any CPU.ActiveCfg = Debug|Any CPU
		{575019B4-A740-4553-933A-0098533AA170}.Debug|Any CPU.Build.0 = Debug|Any CPU
		{575019B4-A740-4553-933A-0098533AA170}.Release|Any CPU.ActiveCfg = Release|Any CPU
		{575019B4-A740-4553-933A-0098533AA170}.Release|Any CPU.Build.0 = Release|Any CPU
		{112C9EA3-BA3B-4ED2-A445-80B1159E3AAA}.Debug|Any CPU.ActiveCfg = Debug|Any CPU
		{112C9EA3-BA3B-4ED2-A445-80B1159E3AAA}.Debug|Any CPU.Build.0 = Debug|Any CPU
		{112C9EA3-BA3B-4ED2-A445-80B1159E3AAA}.Release|Any CPU.ActiveCfg = Release|Any CPU
		{112C9EA3-BA3B-4ED2-A445-80B1159E3AAA}.Release|Any CPU.Build.0 = Release|Any CPU
	EndGlobalSection
	GlobalSection(SolutionProperties) = preSolution
		HideSolutionNode = FALSE
	EndGlobalSection
	GlobalSection(NestedProjects) = preSolution
		{58915429-C97F-4B77-8830-BF900DA51B51} = {09E759F4-A483-4606-A529-39E04C7AF843}
		{09E759F4-A483-4606-A529-39E04C7AF843} = {AFC514E1-88CB-4D98-A77F-3B01830C3ECA}
		{D0FC5279-ED1D-4181-9BD1-D3934965F69F} = {09E759F4-A483-4606-A529-39E04C7AF843}
		{128D692B-AC8E-48B5-A990-ABE0C5CC49EC} = {09E759F4-A483-4606-A529-39E04C7AF843}
		{29BDDBB9-12D2-4D59-8221-7F08F966421A} = {09E759F4-A483-4606-A529-39E04C7AF843}
		{7071D057-8669-48C6-9C1A-15B1383ADD44} = {29BDDBB9-12D2-4D59-8221-7F08F966421A}
		{CE2505D2-64CE-48E3-AD51-2ED6D5503CAA} = {29BDDBB9-12D2-4D59-8221-7F08F966421A}
		{91C44AFC-7EE6-4B41-B77B-32A79FC78703} = {09E759F4-A483-4606-A529-39E04C7AF843}
		{9C59451D-7415-4437-B858-00952053E854} = {09E759F4-A483-4606-A529-39E04C7AF843}
		{AC2110DF-E2DF-415F-AAE7-256D641164B3} = {AFC514E1-88CB-4D98-A77F-3B01830C3ECA}
		{B4025596-DA6E-4A67-85AE-38287144ECB0} = {AC2110DF-E2DF-415F-AAE7-256D641164B3}
		{995758B4-B0A3-4D32-B420-E1D6754D8A63} = {AC2110DF-E2DF-415F-AAE7-256D641164B3}
		{882B627B-6182-4AAB-8FB3-FF2C0882617F} = {AFC514E1-88CB-4D98-A77F-3B01830C3ECA}
	EndGlobalSection
	GlobalSection(ExtensibilityGlobals) = postSolution
		SolutionGuid = {94E96BB4-E6D8-4E1F-B4A4-4F4B667DC600}
	EndGlobalSection
EndGlobal
